
Microsoft Visual Studio Solution File, Format Version 12.00
# Visual Studio Version 17
VisualStudioVersion = 17.2.32616.157
MinimumVisualStudioVersion = 10.0.40219.1
Project("{9A19103F-16F7-4668-BE54-9A1E7A4F7556}") = "Sample.Worker", "src\Sample.Worker\Sample.Worker.csproj", "{760EEB87-F801-424B-8312-F4370274856F}"
EndProject
Project("{9A19103F-16F7-4668-BE54-9A1E7A4F7556}") = "Sample.BFF", "src\Sample.BFF\Sample.BFF.csproj", "{BA931FF3-16CB-4D9C-A5B5-A50B5678B0E7}"
EndProject
Project("{FAE04EC0-301F-11D3-BF4B-00C04F79EFBC}") = "Sample.Contracts", "src\Sample.Contracts\Sample.Contracts.csproj", "{45465F04-BB05-4CEE-B9C5-98C2CA32B12B}"
EndProject
Global
	GlobalSection(SolutionConfigurationPlatforms) = preSolution
		Debug|Any CPU = Debug|Any CPU
		Release|Any CPU = Release|Any CPU
	EndGlobalSection
	GlobalSection(ProjectConfigurationPlatforms) = postSolution
		{760EEB87-F801-424B-8312-F4370274856F}.Debug|Any CPU.ActiveCfg = Debug|Any CPU
		{760EEB87-F801-424B-8312-F4370274856F}.Debug|Any CPU.Build.0 = Debug|Any CPU
		{760EEB87-F801-424B-8312-F4370274856F}.Release|Any CPU.ActiveCfg = Release|Any CPU
		{760EEB87-F801-424B-8312-F4370274856F}.Release|Any CPU.Build.0 = Release|Any CPU
		{BA931FF3-16CB-4D9C-A5B5-A50B5678B0E7}.Debug|Any CPU.ActiveCfg = Debug|Any CPU
		{BA931FF3-16CB-4D9C-A5B5-A50B5678B0E7}.Debug|Any CPU.Build.0 = Debug|Any CPU
		{BA931FF3-16CB-4D9C-A5B5-A50B5678B0E7}.Release|Any CPU.ActiveCfg = Release|Any CPU
		{BA931FF3-16CB-4D9C-A5B5-A50B5678B0E7}.Release|Any CPU.Build.0 = Release|Any CPU
		{45465F04-BB05-4CEE-B9C5-98C2CA32B12B}.Debug|Any CPU.ActiveCfg = Debug|Any CPU
		{45465F04-BB05-4CEE-B9C5-98C2CA32B12B}.Debug|Any CPU.Build.0 = Debug|Any CPU
		{45465F04-BB05-4CEE-B9C5-98C2CA32B12B}.Release|Any CPU.ActiveCfg = Release|Any CPU
		{45465F04-BB05-4CEE-B9C5-98C2CA32B12B}.Release|Any CPU.Build.0 = Release|Any CPU
	EndGlobalSection
	GlobalSection(SolutionProperties) = preSolution
		HideSolutionNode = FALSE
	EndGlobalSection
	GlobalSection(ExtensibilityGlobals) = postSolution
		SolutionGuid = {0E3EC896-CC49-4C35-81E5-AFBB24C6C40A}
	EndGlobalSection
EndGlobal
